
Microsoft Visual Studio Solution File, Format Version 12.00
# Visual Studio Version 17
VisualStudioVersion = 17.2.32630.192
MinimumVisualStudioVersion = 10.0.40219.1
Project("{2150E333-8FDC-42A3-9474-1A3956D46DE8}") = "Services", "Services", "{7A1D8935-DFA3-43F2-854E-352D716C655D}"
EndProject
Project("{2150E333-8FDC-42A3-9474-1A3956D46DE8}") = "Catalog", "Catalog", "{FB16F719-7ADF-4686-9C88-4B9DC301133A}"
EndProject
Project("{9A19103F-16F7-4668-BE54-9A1E7A4F7556}") = "Catalog.API", "Services\Catalog\Catalog.API\Catalog.API.csproj", "{193C9093-5BA1-4261-A892-58D20EDF592B}"
EndProject
Project("{E53339B2-1760-4266-BCC7-CA923CBCF16C}") = "docker-compose", "docker-compose.dcproj", "{D7C2C1E9-BA57-41CF-9523-726F0714DFBB}"
EndProject
Project("{2150E333-8FDC-42A3-9474-1A3956D46DE8}") = "Basket", "Basket", "{0EE9A228-D445-4512-8840-01C5A9B97AAF}"
EndProject
Project("{9A19103F-16F7-4668-BE54-9A1E7A4F7556}") = "Basket.API", "Services\Basket\Basket.API\Basket.API.csproj", "{8A4C654C-C4D4-4000-BB59-D4756B3E8495}"
EndProject
Project("{2150E333-8FDC-42A3-9474-1A3956D46DE8}") = "Discount", "Discount", "{4172D651-8522-48C7-8E47-425311DD5E1D}"
EndProject
Project("{9A19103F-16F7-4668-BE54-9A1E7A4F7556}") = "Discount.API", "Services\Discount\Discount.API\Discount.API.csproj", "{FB34E113-B329-4FBC-A045-4945C4CBF4D1}"
EndProject
Project("{9A19103F-16F7-4668-BE54-9A1E7A4F7556}") = "Discount.Grpc", "Services\Discount\Discount.Grpc\Discount.Grpc.csproj", "{94583CD7-F87B-45B4-822D-1976E0C3C3F6}"
EndProject
Project("{2150E333-8FDC-42A3-9474-1A3956D46DE8}") = "Ordering", "Ordering", "{F28F851B-D819-487E-B06F-DB53A71F1DA1}"
EndProject
Project("{9A19103F-16F7-4668-BE54-9A1E7A4F7556}") = "Ordering.API", "Services\Ordering\Ordering.API\Ordering.API.csproj", "{13026413-DA28-40A1-B8EC-A080F964E338}"
EndProject
Project("{9A19103F-16F7-4668-BE54-9A1E7A4F7556}") = "Ordering.Domain", "Services\Ordering\Ordering.Domain\Ordering.Domain.csproj", "{BC5D436F-400F-4217-8A9C-50E9C170F1B5}"
EndProject
Project("{9A19103F-16F7-4668-BE54-9A1E7A4F7556}") = "Ordering.Application", "Services\Ordering\Ordering.Application\Ordering.Application.csproj", "{87C4D1F1-59C8-47A3-8E5A-BE3256656DF5}"
EndProject
Project("{9A19103F-16F7-4668-BE54-9A1E7A4F7556}") = "Ordering.Infrastructure", "Services\Ordering\Ordering.Infrastructure\Ordering.Infrastructure.csproj", "{5B72CB0B-2321-4E9F-8122-A5ECA3F15A1E}"
EndProject
Project("{2150E333-8FDC-42A3-9474-1A3956D46DE8}") = "BuildingBlocks", "BuildingBlocks", "{F0025BFC-D8A7-49D6-91A6-AF0CAD0FB4A7}"
EndProject
Project("{9A19103F-16F7-4668-BE54-9A1E7A4F7556}") = "EventBus.Messages", "BuildingBlocks\EventBus.Messages\EventBus.Messages.csproj", "{FCD4E15A-244B-4AB3-981D-5ACC1A736A0D}"
EndProject
Project("{2150E333-8FDC-42A3-9474-1A3956D46DE8}") = "ApiGateways", "ApiGateways", "{A7EB72C3-D869-4F48-A173-DF0C14ACCEA0}"
EndProject
Project("{9A19103F-16F7-4668-BE54-9A1E7A4F7556}") = "OcelotApiGw", "ApiGateways\OcelotApiGw\OcelotApiGw.csproj", "{0C66ED31-4859-4DAC-9B71-CDA4D8125DED}"
EndProject
Project("{9A19103F-16F7-4668-BE54-9A1E7A4F7556}") = "Shopping.Aggregator", "ApiGateways\Shopping.Aggregator\Shopping.Aggregator.csproj", "{D75F9E6F-FD67-44AF-BBE4-A9BD08ACA191}"
EndProject
Project("{2150E333-8FDC-42A3-9474-1A3956D46DE8}") = "WebApps", "WebApps", "{FF2F7F4B-A21D-4B6D-A41E-97BB61E8021B}"
EndProject
Project("{9A19103F-16F7-4668-BE54-9A1E7A4F7556}") = "AspnetRunBasics", "..\..\AspnetMicroservices\src\WebApps\AspnetRunBasics\AspnetRunBasics.csproj", "{DBB356B3-0A30-423D-806F-263BD6136940}"
EndProject
Global
	GlobalSection(SolutionConfigurationPlatforms) = preSolution
		Debug|Any CPU = Debug|Any CPU
		Release|Any CPU = Release|Any CPU
	EndGlobalSection
	GlobalSection(ProjectConfigurationPlatforms) = postSolution
		{193C9093-5BA1-4261-A892-58D20EDF592B}.Debug|Any CPU.ActiveCfg = Debug|Any CPU
		{193C9093-5BA1-4261-A892-58D20EDF592B}.Debug|Any CPU.Build.0 = Debug|Any CPU
		{193C9093-5BA1-4261-A892-58D20EDF592B}.Release|Any CPU.ActiveCfg = Release|Any CPU
		{193C9093-5BA1-4261-A892-58D20EDF592B}.Release|Any CPU.Build.0 = Release|Any CPU
		{D7C2C1E9-BA57-41CF-9523-726F0714DFBB}.Debug|Any CPU.ActiveCfg = Debug|Any CPU
		{D7C2C1E9-BA57-41CF-9523-726F0714DFBB}.Debug|Any CPU.Build.0 = Debug|Any CPU
		{D7C2C1E9-BA57-41CF-9523-726F0714DFBB}.Release|Any CPU.ActiveCfg = Release|Any CPU
		{D7C2C1E9-BA57-41CF-9523-726F0714DFBB}.Release|Any CPU.Build.0 = Release|Any CPU
		{8A4C654C-C4D4-4000-BB59-D4756B3E8495}.Debug|Any CPU.ActiveCfg = Debug|Any CPU
		{8A4C654C-C4D4-4000-BB59-D4756B3E8495}.Debug|Any CPU.Build.0 = Debug|Any CPU
		{8A4C654C-C4D4-4000-BB59-D4756B3E8495}.Release|Any CPU.ActiveCfg = Release|Any CPU
		{8A4C654C-C4D4-4000-BB59-D4756B3E8495}.Release|Any CPU.Build.0 = Release|Any CPU
		{FB34E113-B329-4FBC-A045-4945C4CBF4D1}.Debug|Any CPU.ActiveCfg = Debug|Any CPU
		{FB34E113-B329-4FBC-A045-4945C4CBF4D1}.Debug|Any CPU.Build.0 = Debug|Any CPU
		{FB34E113-B329-4FBC-A045-4945C4CBF4D1}.Release|Any CPU.ActiveCfg = Release|Any CPU
		{FB34E113-B329-4FBC-A045-4945C4CBF4D1}.Release|Any CPU.Build.0 = Release|Any CPU
		{94583CD7-F87B-45B4-822D-1976E0C3C3F6}.Debug|Any CPU.ActiveCfg = Debug|Any CPU
		{94583CD7-F87B-45B4-822D-1976E0C3C3F6}.Debug|Any CPU.Build.0 = Debug|Any CPU
		{94583CD7-F87B-45B4-822D-1976E0C3C3F6}.Release|Any CPU.ActiveCfg = Release|Any CPU
		{94583CD7-F87B-45B4-822D-1976E0C3C3F6}.Release|Any CPU.Build.0 = Release|Any CPU
		{13026413-DA28-40A1-B8EC-A080F964E338}.Debug|Any CPU.ActiveCfg = Debug|Any CPU
		{13026413-DA28-40A1-B8EC-A080F964E338}.Debug|Any CPU.Build.0 = Debug|Any CPU
		{13026413-DA28-40A1-B8EC-A080F964E338}.Release|Any CPU.ActiveCfg = Release|Any CPU
		{13026413-DA28-40A1-B8EC-A080F964E338}.Release|Any CPU.Build.0 = Release|Any CPU
		{BC5D436F-400F-4217-8A9C-50E9C170F1B5}.Debug|Any CPU.ActiveCfg = Debug|Any CPU
		{BC5D436F-400F-4217-8A9C-50E9C170F1B5}.Debug|Any CPU.Build.0 = Debug|Any CPU
		{BC5D436F-400F-4217-8A9C-50E9C170F1B5}.Release|Any CPU.ActiveCfg = Release|Any CPU
		{BC5D436F-400F-4217-8A9C-50E9C170F1B5}.Release|Any CPU.Build.0 = Release|Any CPU
		{87C4D1F1-59C8-47A3-8E5A-BE3256656DF5}.Debug|Any CPU.ActiveCfg = Debug|Any CPU
		{87C4D1F1-59C8-47A3-8E5A-BE3256656DF5}.Debug|Any CPU.Build.0 = Debug|Any CPU
		{87C4D1F1-59C8-47A3-8E5A-BE3256656DF5}.Release|Any CPU.ActiveCfg = Release|Any CPU
		{87C4D1F1-59C8-47A3-8E5A-BE3256656DF5}.Release|Any CPU.Build.0 = Release|Any CPU
		{5B72CB0B-2321-4E9F-8122-A5ECA3F15A1E}.Debug|Any CPU.ActiveCfg = Debug|Any CPU
		{5B72CB0B-2321-4E9F-8122-A5ECA3F15A1E}.Debug|Any CPU.Build.0 = Debug|Any CPU
		{5B72CB0B-2321-4E9F-8122-A5ECA3F15A1E}.Release|Any CPU.ActiveCfg = Release|Any CPU
		{5B72CB0B-2321-4E9F-8122-A5ECA3F15A1E}.Release|Any CPU.Build.0 = Release|Any CPU
		{FCD4E15A-244B-4AB3-981D-5ACC1A736A0D}.Debug|Any CPU.ActiveCfg = Debug|Any CPU
		{FCD4E15A-244B-4AB3-981D-5ACC1A736A0D}.Debug|Any CPU.Build.0 = Debug|Any CPU
		{FCD4E15A-244B-4AB3-981D-5ACC1A736A0D}.Release|Any CPU.ActiveCfg = Release|Any CPU
		{FCD4E15A-244B-4AB3-981D-5ACC1A736A0D}.Release|Any CPU.Build.0 = Release|Any CPU
		{0C66ED31-4859-4DAC-9B71-CDA4D8125DED}.Debug|Any CPU.ActiveCfg = Debug|Any CPU
		{0C66ED31-4859-4DAC-9B71-CDA4D8125DED}.Debug|Any CPU.Build.0 = Debug|Any CPU
		{0C66ED31-4859-4DAC-9B71-CDA4D8125DED}.Release|Any CPU.ActiveCfg = Release|Any CPU
		{0C66ED31-4859-4DAC-9B71-CDA4D8125DED}.Release|Any CPU.Build.0 = Release|Any CPU
		{D75F9E6F-FD67-44AF-BBE4-A9BD08ACA191}.Debug|Any CPU.ActiveCfg = Debug|Any CPU
		{D75F9E6F-FD67-44AF-BBE4-A9BD08ACA191}.Debug|Any CPU.Build.0 = Debug|Any CPU
		{D75F9E6F-FD67-44AF-BBE4-A9BD08ACA191}.Release|Any CPU.ActiveCfg = Release|Any CPU
		{D75F9E6F-FD67-44AF-BBE4-A9BD08ACA191}.Release|Any CPU.Build.0 = Release|Any CPU
		{DBB356B3-0A30-423D-806F-263BD6136940}.Debug|Any CPU.ActiveCfg = Debug|Any CPU
		{DBB356B3-0A30-423D-806F-263BD6136940}.Debug|Any CPU.Build.0 = Debug|Any CPU
		{DBB356B3-0A30-423D-806F-263BD6136940}.Release|Any CPU.ActiveCfg = Release|Any CPU
		{DBB356B3-0A30-423D-806F-263BD6136940}.Release|Any CPU.Build.0 = Release|Any CPU
	EndGlobalSection
	GlobalSection(SolutionProperties) = preSolution
		HideSolutionNode = FALSE
	EndGlobalSection
	GlobalSection(NestedProjects) = preSolution
		{FB16F719-7ADF-4686-9C88-4B9DC301133A} = {7A1D8935-DFA3-43F2-854E-352D716C655D}
		{193C9093-5BA1-4261-A892-58D20EDF592B} = {FB16F719-7ADF-4686-9C88-4B9DC301133A}
		{0EE9A228-D445-4512-8840-01C5A9B97AAF} = {7A1D8935-DFA3-43F2-854E-352D716C655D}
		{8A4C654C-C4D4-4000-BB59-D4756B3E8495} = {0EE9A228-D445-4512-8840-01C5A9B97AAF}
		{4172D651-8522-48C7-8E47-425311DD5E1D} = {7A1D8935-DFA3-43F2-854E-352D716C655D}
		{FB34E113-B329-4FBC-A045-4945C4CBF4D1} = {4172D651-8522-48C7-8E47-425311DD5E1D}
		{94583CD7-F87B-45B4-822D-1976E0C3C3F6} = {4172D651-8522-48C7-8E47-425311DD5E1D}
		{F28F851B-D819-487E-B06F-DB53A71F1DA1} = {7A1D8935-DFA3-43F2-854E-352D716C655D}
		{13026413-DA28-40A1-B8EC-A080F964E338} = {F28F851B-D819-487E-B06F-DB53A71F1DA1}
		{BC5D436F-400F-4217-8A9C-50E9C170F1B5} = {F28F851B-D819-487E-B06F-DB53A71F1DA1}
		{87C4D1F1-59C8-47A3-8E5A-BE3256656DF5} = {F28F851B-D819-487E-B06F-DB53A71F1DA1}
		{5B72CB0B-2321-4E9F-8122-A5ECA3F15A1E} = {F28F851B-D819-487E-B06F-DB53A71F1DA1}
		{FCD4E15A-244B-4AB3-981D-5ACC1A736A0D} = {F0025BFC-D8A7-49D6-91A6-AF0CAD0FB4A7}
		{0C66ED31-4859-4DAC-9B71-CDA4D8125DED} = {A7EB72C3-D869-4F48-A173-DF0C14ACCEA0}
		{D75F9E6F-FD67-44AF-BBE4-A9BD08ACA191} = {A7EB72C3-D869-4F48-A173-DF0C14ACCEA0}
		{DBB356B3-0A30-423D-806F-263BD6136940} = {FF2F7F4B-A21D-4B6D-A41E-97BB61E8021B}
	EndGlobalSection
	GlobalSection(ExtensibilityGlobals) = postSolution
		SolutionGuid = {BC485BEA-8106-460A-BA2D-C595853D5C59}
	EndGlobalSection
EndGlobal
